[root]
name = "pseudo-georeference"
version = "0.0.1"
dependencies = [
 "image 0.2.0-alpha.6 (git+https://github.com/PistonDevelopers/image)",
 "rustc-serialize 0.2.8 (registry+https://github.com/rust-lang/crates.io-index)",
]

[[package]]
name = "image"
version = "0.2.0-alpha.6"
source = "git+https://github.com/PistonDevelopers/image#52fe43246575732cc42ba8aa66e2ab1faaab179a"
dependencies = [
 "num 0.1.9 (git+https://github.com/rust-lang/num)",
]

[[package]]
name = "num"
version = "0.1.9"
source = "git+https://github.com/rust-lang/num#51b94c5e2e00204c7159a13ba0671d8e3fed10df"
dependencies = [
 "rustc-serialize 0.2.8 (registry+https://github.com/rust-lang/crates.io-index)",
]

[[package]]
name = "rustc-serialize"
version = "0.2.8"
source = "registry+https://github.com/rust-lang/crates.io-index"

